{
  "name": "Backend_estudaMais",
  "lockfileVersion": 3,
  "requires": true,
  "packages": {
    "": {
      "dependencies": {
        "@huggingface/hub": "^2.0.1"
      }
    },
    "node_modules/@huggingface/hub": {
      "version": "2.0.1",
      "resolved": "https://registry.npmjs.org/@huggingface/hub/-/hub-2.0.1.tgz",
      "integrity": "sha512-6XcMD/eYrQaGrPcXjxr15DFUWlokzyl7/MOz/NHg1ECogi4VsrLyIbPB+GMhz/6z6XLFYDfGo6FtOJqDpmh8bQ==",
      "dependencies": {
        "@huggingface/tasks": "^0.19.3"
      },
      "engines": {
        "node": ">=18"
      }
    },
    "node_modules/@huggingface/tasks": {
      "version": "0.19.3",
      "resolved": "https://registry.npmjs.org/@huggingface/tasks/-/tasks-0.19.3.tgz",
      "integrity": "sha512-+wfh60cGucPRlesd9Q9BFKHqLPaYB4FbNbFonlVFBm+rTVkSLXBU3iiv/0MUofR3H2rhrRlKT5QQ5oSmr6BhsA=="
    }
  }
}
